
Microsoft Visual Studio Solution File, Format Version 12.00
# Visual Studio Version 17
VisualStudioVersion = 17.6.33829.357
MinimumVisualStudioVersion = 10.0.40219.1
Project("{FAE04EC0-301F-11D3-BF4B-00C04F79EFBC}") = "PropertySolutionCustomerPortal", "PropertySolutionCustomerPortal\PropertySolutionCustomerPortal.csproj", "{44A862B4-D4F9-40EC-BB58-BA6EAEDA3C9F}"
EndProject
Global
	GlobalSection(SolutionConfigurationPlatforms) = preSolution
		Debug|Any CPU = Debug|Any CPU
		Release|Any CPU = Release|Any CPU
	EndGlobalSection
	GlobalSection(ProjectConfigurationPlatforms) = postSolution
		{44A862B4-D4F9-40EC-BB58-BA6EAEDA3C9F}.Debug|Any CPU.ActiveCfg = Debug|Any CPU
		{44A862B4-D4F9-40EC-BB58-BA6EAEDA3C9F}.Debug|Any CPU.Build.0 = Debug|Any CPU
		{44A862B4-D4F9-40EC-BB58-BA6EAEDA3C9F}.Release|Any CPU.ActiveCfg = Release|Any CPU
		{44A862B4-D4F9-40EC-BB58-BA6EAEDA3C9F}.Release|Any CPU.Build.0 = Release|Any CPU
	EndGlobalSection
	GlobalSection(SolutionProperties) = preSolution
		HideSolutionNode = FALSE
	EndGlobalSection
	GlobalSection(ExtensibilityGlobals) = postSolution
		SolutionGuid = {03EB61AA-1D6D-467C-92C1-ECC58A5DD99C}
	EndGlobalSection
EndGlobal
